
Microsoft Visual Studio Solution File, Format Version 12.00
# Visual Studio Version 17
VisualStudioVersion = 17.12.35527.113 d17.12
MinimumVisualStudioVersion = 10.0.40219.1
Project("{FAE04EC0-301F-11D3-BF4B-00C04F79EFBC}") = "Appointments.Domain.Tests", "Appointments.Domain.Tests\Appointments.Domain.Tests.csproj", "{8B49B3E2-AFC7-4C70-ACC7-5160C1D85EB1}"
EndProject
Project("{FAE04EC0-301F-11D3-BF4B-00C04F79EFBC}") = "Appointments.Application.Tests", "Appointments.Application.Tests\Appointments.Application.Tests.csproj", "{B1A49244-9880-47B8-9D8F-37BE5B2B0623}"
EndProject
Project("{FAE04EC0-301F-11D3-BF4B-00C04F79EFBC}") = "Appointments.Api.IntegrationTests", "Appointments.Api.IntegrationTests\Appointments.Api.IntegrationTests.csproj", "{D97EDA7B-8056-4A8E-A03B-24AC7A3A128F}"
EndProject
Global
	GlobalSection(SolutionConfigurationPlatforms) = preSolution
		Debug|Any CPU = Debug|Any CPU
		Release|Any CPU = Release|Any CPU
	EndGlobalSection
	GlobalSection(ProjectConfigurationPlatforms) = postSolution
		{8B49B3E2-AFC7-4C70-ACC7-5160C1D85EB1}.Debug|Any CPU.ActiveCfg = Debug|Any CPU
		{8B49B3E2-AFC7-4C70-ACC7-5160C1D85EB1}.Debug|Any CPU.Build.0 = Debug|Any CPU
		{8B49B3E2-AFC7-4C70-ACC7-5160C1D85EB1}.Release|Any CPU.ActiveCfg = Release|Any CPU
		{8B49B3E2-AFC7-4C70-ACC7-5160C1D85EB1}.Release|Any CPU.Build.0 = Release|Any CPU
		{B1A49244-9880-47B8-9D8F-37BE5B2B0623}.Debug|Any CPU.ActiveCfg = Debug|Any CPU
		{B1A49244-9880-47B8-9D8F-37BE5B2B0623}.Debug|Any CPU.Build.0 = Debug|Any CPU
		{B1A49244-9880-47B8-9D8F-37BE5B2B0623}.Release|Any CPU.ActiveCfg = Release|Any CPU
		{B1A49244-9880-47B8-9D8F-37BE5B2B0623}.Release|Any CPU.Build.0 = Release|Any CPU
		{D97EDA7B-8056-4A8E-A03B-24AC7A3A128F}.Debug|Any CPU.ActiveCfg = Debug|Any CPU
		{D97EDA7B-8056-4A8E-A03B-24AC7A3A128F}.Debug|Any CPU.Build.0 = Debug|Any CPU
		{D97EDA7B-8056-4A8E-A03B-24AC7A3A128F}.Release|Any CPU.ActiveCfg = Release|Any CPU
		{D97EDA7B-8056-4A8E-A03B-24AC7A3A128F}.Release|Any CPU.Build.0 = Release|Any CPU
	EndGlobalSection
	GlobalSection(SolutionProperties) = preSolution
		HideSolutionNode = FALSE
	EndGlobalSection
EndGlobal
